{
  "version": 4,
  "terraform_version": "1.11.3",
  "serial": 3,
  "lineage": "7bb8c595-4a81-d056-487d-fe2b7651d040",
  "outputs": {
    "all_key_ids": {
      "value": [
        "b9dc0e9c-613b-47dd-a7c8-a385758b2475",
        "c1948f7e-d723-45d7-b51f-4588c7b9b0c6",
        "e6ae06cd-5508-4684-b072-06b582111dc1"
      ],
      "type": [
        "tuple",
        [
          "string",
          "string",
          "string"
        ]
      ]
    },
    "api_key_id": {
      "value": "9bbb3403-d5bf-4e0b-9169-27bd1786cd56",
      "type": "string"
    },
    "api_key_secret": {
      "value": "0880726ae500b49ee13fd896abc9ac94352a6df6",
      "type": "string",
      "sensitive": true
    }
  },
  "resources": [
    {
      "mode": "data",
      "type": "deepgram_keys",
      "name": "all",
      "provider": "provider[\"registry.terraform.io/volodymyrlapada/deepgram\"]",
      "instances": [
        {
          "schema_version": 0,
          "attributes": {
            "api_keys": [
              {
                "api_key_id": "b9dc0e9c-613b-47dd-a7c8-a385758b2475",
                "comment": "Auto-generated Playground API key",
                "created": "2026-03-18T22:14:20.822378Z",
                "email": "volodymyr.l@popai.health",
                "member_id": "d1dfd83b-574b-45de-adb6-16a04cd573cf",
                "scopes": [
                  "usage:write"
                ]
              },
              {
                "api_key_id": "c1948f7e-d723-45d7-b51f-4588c7b9b0c6",
                "comment": "terraform",
                "created": "2026-03-18T22:19:19.927563Z",
                "email": "volodymyr.l@popai.health",
                "member_id": "d1dfd83b-574b-45de-adb6-16a04cd573cf",
                "scopes": [
                  "admin"
                ]
              },
              {
                "api_key_id": "e6ae06cd-5508-4684-b072-06b582111dc1",
                "comment": "root",
                "created": "2026-03-18T22:15:00.566270Z",
                "email": "volodymyr.l@popai.health",
                "member_id": "d1dfd83b-574b-45de-adb6-16a04cd573cf",
                "scopes": [
                  "usage:write"
                ]
              }
            ],
            "project_id": "cb329428-b459-4030-bb54-86dff1ca7df0"
          },
          "sensitive_attributes": []
        }
      ]
    },
    {
      "mode": "managed",
      "type": "deepgram_key",
      "name": "example",
      "provider": "provider[\"registry.terraform.io/volodymyrlapada/deepgram\"]",
      "instances": [
        {
          "schema_version": 0,
          "attributes": {
            "comment": "Managed by Terraform",
            "expiration_date": "2027-01-01T00:00:00Z",
            "id": "9bbb3403-d5bf-4e0b-9169-27bd1786cd56",
            "key": "0880726ae500b49ee13fd896abc9ac94352a6df6",
            "project_id": "cb329428-b459-4030-bb54-86dff1ca7df0",
            "scopes": [
              "keys:write",
              "usage:read"
            ],
            "tags": [
              "terraform",
              "example"
            ]
          },
          "sensitive_attributes": [
            [
              {
                "type": "get_attr",
                "value": "key"
              }
            ]
          ]
        }
      ]
    }
  ],
  "check_results": null
}
